
Microsoft Visual Studio Solution File, Format Version 12.00
# Visual Studio Version 16
VisualStudioVersion = 16.0.31205.134
MinimumVisualStudioVersion = 10.0.40219.1
Project("{9092AA53-FB77-4645-B42D-1CCCA6BD08BD}") = "MS-Terrarium", "MS-Terrarium\MS-Terrarium.njsproj", "{295B1B65-D6EA-4EF4-A926-3950999AE480}"
EndProject
Global
	GlobalSection(SolutionConfigurationPlatforms) = preSolution
		Debug|Any CPU = Debug|Any CPU
		Release|Any CPU = Release|Any CPU
	EndGlobalSection
	GlobalSection(ProjectConfigurationPlatforms) = postSolution
		{295B1B65-D6EA-4EF4-A926-3950999AE480}.Debug|Any CPU.ActiveCfg = Debug|Any CPU
		{295B1B65-D6EA-4EF4-A926-3950999AE480}.Debug|Any CPU.Build.0 = Debug|Any CPU
		{295B1B65-D6EA-4EF4-A926-3950999AE480}.Release|Any CPU.ActiveCfg = Release|Any CPU
		{295B1B65-D6EA-4EF4-A926-3950999AE480}.Release|Any CPU.Build.0 = Release|Any CPU
	EndGlobalSection
	GlobalSection(SolutionProperties) = preSolution
		HideSolutionNode = FALSE
	EndGlobalSection
	GlobalSection(ExtensibilityGlobals) = postSolution
		SolutionGuid = {A55E163A-A6AE-4849-BC22-F410B33DC664}
	EndGlobalSection
EndGlobal
